# THIS IS AN AUTOGENERATED FILE. DO NOT EDIT THIS FILE DIRECTLY.
# yarn lockfile v1


"@pnpm/network.ca-file@^1.0.1":
  version "1.0.1"
  resolved "https://registry.yarnpkg.com/@pnpm/network.ca-file/-/network.ca-file-1.0.1.tgz#16f88d057c68cd5419c1ef3dfa281296ea80b047"
  integrity sha512-gkINruT2KUhZLTaiHxwCOh1O4NVnFT0wLjWFBHmTz9vpKag/C/noIMJXBxFe4F0mYpUVX2puLwAieLYFg2NvoA==
  dependencies:
    graceful-fs "4.2.10"

"@pnpm/npm-conf@^1.0.4":
  version "1.0.5"
  resolved "https://registry.yarnpkg.com/@pnpm/npm-conf/-/npm-conf-1.0.5.tgz#3475541fb71d7b6ce68acaaa3392eae9fedf3276"
  integrity sha512-hD8ml183638O3R6/Txrh0L8VzGOrFXgRtRDG4qQC4tONdZ5Z1M+tlUUDUvrjYdmK6G+JTBTeaCLMna11cXzi8A==
  dependencies:
    "@pnpm/network.ca-file" "^1.0.1"
    config-chain "^1.1.11"

"@sindresorhus/is@^5.2.0":
  version "5.3.0"
  resolved "https://registry.yarnpkg.com/@sindresorhus/is/-/is-5.3.0.tgz#0ec9264cf54a527671d990eb874e030b55b70dcc"
  integrity sha512-CX6t4SYQ37lzxicAqsBtxA3OseeoVrh9cSJ5PFYam0GksYlupRfy1A+Q4aYD3zvcfECLc0zO2u+ZnR2UYKvCrw==

"@szmarczak/http-timer@^5.0.1":
  version "5.0.1"
  resolved "https://registry.yarnpkg.com/@szmarczak/http-timer/-/http-timer-5.0.1.tgz#c7c1bf1141cdd4751b0399c8fc7b8b664cd5be3a"
  integrity sha512-+PmQX0PiAYPMeVYe237LJAYvOMYW1j2rH5YROyS3b4CTVJum34HfRvKvAzozHAQG0TnHNdUfY9nCeUyRAs//cw==
  dependencies:
    defer-to-connect "^2.0.1"

"@types/http-cache-semantics@^4.0.1":
  version "4.0.1"
  resolved "https://registry.yarnpkg.com/@types/http-cache-semantics/-/http-cache-semantics-4.0.1.tgz#0ea7b61496902b95890dc4c3a116b60cb8dae812"
  integrity sha512-SZs7ekbP8CN0txVG2xVRH6EgKmEm31BOxA07vkFaETzZz1xh+cbt8BcI0slpymvwhx5dlFnQG2rTlPVQn+iRPQ==

ansi-align@^3.0.1:
  version "3.0.1"
  resolved "https://registry.yarnpkg.com/ansi-align/-/ansi-align-3.0.1.tgz#0cdf12e111ace773a86e9a1fad1225c43cb19a59"
  integrity sha512-IOfwwBF5iczOjp/WeY4YxyjqAFMQoZufdQWDd19SEExbVLNXqvpzSJ/M7Za4/sCPmQ0+GRquoA7bGcINcxew6w==
  dependencies:
    string-width "^4.1.0"

ansi-regex@^2.0.0:
  version "2.1.1"
  resolved "http://r.npm.sankuai.com/ansi-regex/download/ansi-regex-2.1.1.tgz#c3b33ab5ee360d86e0e628f0468ae7ef27d654df"
  integrity sha1-w7M6te42DYbg5ijwRorn7yfWVN8=

ansi-regex@^5.0.0:
  version "5.0.0"
  resolved "http://r.npm.sankuai.com/ansi-regex/download/ansi-regex-5.0.0.tgz#388539f55179bf39339c81af30a654d69f87cb75"
  integrity sha1-OIU59VF5vzkznIGvMKZU1p+Hy3U=

ansi-regex@^6.0.1:
  version "6.0.1"
  resolved "https://registry.yarnpkg.com/ansi-regex/-/ansi-regex-6.0.1.tgz#3183e38fae9a65d7cb5e53945cd5897d0260a06a"
  integrity sha512-n5M855fKb2SsfMIiFFoVrABHJC8QtHwVx+mHWP3QcEqBHYienj5dHSgjbxtC0WEZXYt4wcD6zrQElDPhFuZgfA==

ansi-styles@^4.1.0:
  version "4.3.0"
  resolved "http://r.npm.sankuai.com/ansi-styles/download/ansi-styles-4.3.0.tgz#edd803628ae71c04c85ae7a0906edad34b648937"
  integrity sha1-7dgDYornHATIWuegkG7a00tkiTc=
  dependencies:
    color-convert "^2.0.1"

ansi-styles@^6.1.0:
  version "6.1.1"
  resolved "https://registry.yarnpkg.com/ansi-styles/-/ansi-styles-6.1.1.tgz#63cd61c72283a71cb30bd881dbb60adada74bc70"
  integrity sha512-qDOv24WjnYuL+wbwHdlsYZFy+cgPtrYw0Tn7GLORicQp9BkQLzrgI3Pm4VyR9ERZ41YTn7KlMPuL1n05WdZvmg==

async@>=0.2.9:
  version "3.2.0"
  resolved "http://r.npm.sankuai.com/async/download/async-3.2.0.tgz#b3a2685c5ebb641d3de02d161002c60fc9f85720"
  integrity sha1-s6JoXF67ZB094C0WEALGD8n4VyA=

base64-js@^1.3.1:
  version "1.5.1"
  resolved "http://r.npm.sankuai.com/base64-js/download/base64-js-1.5.1.tgz#1b1b440160a5bf7ad40b650f095963481903930a"
  integrity sha1-GxtEAWClv3rUC2UPCVljSBkDkwo=

bl@^4.1.0:
  version "4.1.0"
  resolved "http://r.npm.sankuai.com/bl/download/bl-4.1.0.tgz#451535264182bec2fbbc83a62ab98cf11d9f7b3a"
  integrity sha1-RRU1JkGCvsL7vIOmKrmM8R2fezo=
  dependencies:
    buffer "^5.5.0"
    inherits "^2.0.4"
    readable-stream "^3.4.0"

boxen@^7.0.0:
  version "7.0.0"
  resolved "https://registry.yarnpkg.com/boxen/-/boxen-7.0.0.tgz#9e5f8c26e716793fc96edcf7cf754cdf5e3fbf32"
  integrity sha512-j//dBVuyacJbvW+tvZ9HuH03fZ46QcaKvvhZickZqtB271DxJ7SNRSNxrV/dZX0085m7hISRZWbzWlJvx/rHSg==
  dependencies:
    ansi-align "^3.0.1"
    camelcase "^7.0.0"
    chalk "^5.0.1"
    cli-boxes "^3.0.0"
    string-width "^5.1.2"
    type-fest "^2.13.0"
    widest-line "^4.0.1"
    wrap-ansi "^8.0.1"

buffer@^5.5.0:
  version "5.7.1"
  resolved "http://r.npm.sankuai.com/buffer/download/buffer-5.7.1.tgz#ba62e7c13133053582197160851a8f648e99eed0"
  integrity sha1-umLnwTEzBTWCGXFghRqPZI6Z7tA=
  dependencies:
    base64-js "^1.3.1"
    ieee754 "^1.1.13"

cacheable-lookup@^7.0.0:
  version "7.0.0"
  resolved "https://registry.yarnpkg.com/cacheable-lookup/-/cacheable-lookup-7.0.0.tgz#3476a8215d046e5a3202a9209dd13fec1f933a27"
  integrity sha512-+qJyx4xiKra8mZrcwhjMRMUhD5NR1R8esPkzIYxX96JiecFoxAXFuz/GpR3+ev4PE1WamHip78wV0vcmPQtp8w==

cacheable-request@^10.2.1:
  version "10.2.1"
  resolved "https://registry.yarnpkg.com/cacheable-request/-/cacheable-request-10.2.1.tgz#cbc7480bf057fb7bd5bc7520f7e5a43d9c865626"
  integrity sha512-3tLJyBjGuXw1s5gpKFSG3iS4kaKT4id04dZi98wzHQp/8cqZNweBnrF9J+rrlvrf4M53OdtDGNctNHFias8BEA==
  dependencies:
    "@types/http-cache-semantics" "^4.0.1"
    get-stream "^6.0.1"
    http-cache-semantics "^4.1.0"
    keyv "^4.5.0"
    mimic-response "^4.0.0"
    normalize-url "^7.1.0"
    responselike "^3.0.0"

camelcase@^7.0.0:
  version "7.0.0"
  resolved "https://registry.yarnpkg.com/camelcase/-/camelcase-7.0.0.tgz#fd112621b212126741f998d614cbc2a8623fd174"
  integrity sha512-JToIvOmz6nhGsUhAYScbo2d6Py5wojjNfoxoc2mEVLUdJ70gJK2gnd+ABY1Tc3sVMyK7QDPtN0T/XdlCQWITyQ==

chalk@^4.1.0:
  version "4.1.1"
  resolved "http://r.npm.sankuai.com/chalk/download/chalk-4.1.1.tgz#c80b3fab28bf6371e6863325eee67e618b77e6ad"
  integrity sha1-yAs/qyi/Y3HmhjMl7uZ+YYt35q0=
  dependencies:
    ansi-styles "^4.1.0"
    supports-color "^7.1.0"

chalk@^5.0.1:
  version "5.0.1"
  resolved "https://registry.yarnpkg.com/chalk/-/chalk-5.0.1.tgz#ca57d71e82bb534a296df63bbacc4a1c22b2a4b6"
  integrity sha512-Fo07WOYGqMfCWHOzSXOt2CxDbC6skS/jO9ynEcmpANMoPrD+W1r1K6Vx7iNm+AQmETU1Xr2t+n8nzkV9t6xh3w==

ci-info@^3.2.0:
  version "3.4.0"
  resolved "https://registry.yarnpkg.com/ci-info/-/ci-info-3.4.0.tgz#b28484fd436cbc267900364f096c9dc185efb251"
  integrity sha512-t5QdPT5jq3o262DOQ8zA6E1tlH2upmUc4Hlvrbx1pGYJuiiHl7O7rvVNI+l8HTVhd/q3Qc9vqimkNk5yiXsAug==

cli-boxes@^3.0.0:
  version "3.0.0"
  resolved "https://registry.yarnpkg.com/cli-boxes/-/cli-boxes-3.0.0.tgz#71a10c716feeba005e4504f36329ef0b17cf3145"
  integrity sha512-/lzGpEWL/8PfI0BmBOPRwp0c/wFNX1RdUML3jK/RcSBA9T8mZDdQpqYBKtCFTOfQbwPqWEOpjqW+Fnayc0969g==

cli-cursor@^3.1.0:
  version "3.1.0"
  resolved "http://r.npm.sankuai.com/cli-cursor/download/cli-cursor-3.1.0.tgz#264305a7ae490d1d03bf0c9ba7c925d1753af307"
  integrity sha1-JkMFp65JDR0Dvwybp8kl0XU68wc=
  dependencies:
    restore-cursor "^3.1.0"

cli-spinners@^2.5.0:
  version "2.6.0"
  resolved "http://r.npm.sankuai.com/cli-spinners/download/cli-spinners-2.6.0.tgz#36c7dc98fb6a9a76bd6238ec3f77e2425627e939"
  integrity sha1-NsfcmPtqmna9YjjsP3fiQlYn6Tk=

clone@^1.0.2:
  version "1.0.4"
  resolved "http://r.npm.sankuai.com/clone/download/clone-1.0.4.tgz#da309cc263df15994c688ca902179ca3c7cd7c7e"
  integrity sha1-2jCcwmPfFZlMaIypAheco8fNfH4=

code-point-at@^1.0.0:
  version "1.1.0"
  resolved "http://r.npm.sankuai.com/code-point-at/download/code-point-at-1.1.0.tgz#0d070b4d043a5bea33a2f1a40e2edb3d9a4ccf77"
  integrity sha1-DQcLTQQ6W+ozovGkDi7bPZpMz3c=

color-convert@^2.0.1:
  version "2.0.1"
  resolved "http://r.npm.sankuai.com/color-convert/download/color-convert-2.0.1.tgz#72d3a68d598c9bdb3af2ad1e84f21d896abd4de3"
  integrity sha1-ctOmjVmMm9s68q0ehPIdiWq9TeM=
  dependencies:
    color-name "~1.1.4"

color-name@~1.1.4:
  version "1.1.4"
  resolved "http://r.npm.sankuai.com/color-name/download/color-name-1.1.4.tgz#c2a09a87acbde69543de6f63fa3995c826c536a2"
  integrity sha1-wqCah6y95pVD3m9j+jmVyCbFNqI=

commander@^7.2.0:
  version "7.2.0"
  resolved "http://r.npm.sankuai.com/commander/download/commander-7.2.0.tgz#a36cb57d0b501ce108e4d20559a150a391d97ab7"
  integrity sha1-o2y1fQtQHOEI5NIFWaFQo5HZerc=

config-chain@^1.1.11:
  version "1.1.13"
  resolved "https://registry.yarnpkg.com/config-chain/-/config-chain-1.1.13.tgz#fad0795aa6a6cdaff9ed1b68e9dff94372c232f4"
  integrity sha512-qj+f8APARXHrM0hraqXYb2/bOVSV4PvJQlNZ/DVj0QrmNM2q2euizkeuVckQ57J+W0mRH6Hvi+k50M4Jul2VRQ==
  dependencies:
    ini "^1.3.4"
    proto-list "~1.2.1"

configstore@^6.0.0:
  version "6.0.0"
  resolved "https://registry.yarnpkg.com/configstore/-/configstore-6.0.0.tgz#49eca2ebc80983f77e09394a1a56e0aca8235566"
  integrity sha512-cD31W1v3GqUlQvbBCGcXmd2Nj9SvLDOP1oQ0YFuLETufzSPaKp11rYBsSOm7rCsW3OnIRAFM3OxRhceaXNYHkA==
  dependencies:
    dot-prop "^6.0.1"
    graceful-fs "^4.2.6"
    unique-string "^3.0.0"
    write-file-atomic "^3.0.3"
    xdg-basedir "^5.0.1"

crypto-random-string@^4.0.0:
  version "4.0.0"
  resolved "https://registry.yarnpkg.com/crypto-random-string/-/crypto-random-string-4.0.0.tgz#5a3cc53d7dd86183df5da0312816ceeeb5bb1fc2"
  integrity sha512-x8dy3RnvYdlUcPOjkEHqozhiwzKNSq7GcPuXFbnyMOCHxX8V3OgIg/pYuabl2sbUPfIJaeAQB7PMOK8DFIdoRA==
  dependencies:
    type-fest "^1.0.1"

decompress-response@^6.0.0:
  version "6.0.0"
  resolved "https://registry.yarnpkg.com/decompress-response/-/decompress-response-6.0.0.tgz#ca387612ddb7e104bd16d85aab00d5ecf09c66fc"
  integrity sha512-aW35yZM6Bb/4oJlZncMH2LCoZtJXTRxES17vE3hoRiowU2kWHaJKFkSBDnDR+cm9J+9QhXmREyIfv0pji9ejCQ==
  dependencies:
    mimic-response "^3.1.0"

deep-extend@^0.6.0:
  version "0.6.0"
  resolved "http://r.npm.sankuai.com/deep-extend/download/deep-extend-0.6.0.tgz#c4fa7c95404a17a9c3e8ca7e1537312b736330ac"
  integrity sha1-xPp8lUBKF6nD6Mp+FTcxK3NjMKw=

defaults@^1.0.3:
  version "1.0.3"
  resolved "http://r.npm.sankuai.com/defaults/download/defaults-1.0.3.tgz#c656051e9817d9ff08ed881477f3fe4019f3ef7d"
  integrity sha1-xlYFHpgX2f8I7YgUd/P+QBnz730=
  dependencies:
    clone "^1.0.2"

defer-to-connect@^2.0.1:
  version "2.0.1"
  resolved "https://registry.yarnpkg.com/defer-to-connect/-/defer-to-connect-2.0.1.tgz#8016bdb4143e4632b77a3449c6236277de520587"
  integrity sha512-4tvttepXG1VaYGrRibk5EwJd1t4udunSOVMdLSAL6mId1ix438oPwPZMALY41FCijukO1L0twNcGsdzS7dHgDg==

diff@^5.0.0:
  version "5.0.0"
  resolved "http://r.npm.sankuai.com/diff/download/diff-5.0.0.tgz#7ed6ad76d859d030787ec35855f5b1daf31d852b"
  integrity sha1-ftatdthZ0DB4fsNYVfWx2vMdhSs=

dot-prop@^6.0.1:
  version "6.0.1"
  resolved "https://registry.yarnpkg.com/dot-prop/-/dot-prop-6.0.1.tgz#fc26b3cf142b9e59b74dbd39ed66ce620c681083"
  integrity sha512-tE7ztYzXHIeyvc7N+hR3oi7FIbf/NIjVP9hmAt3yMXzrQ072/fpjGLx2GxNxGxUl5V73MEqYzioOMoVhGMJ5cA==
  dependencies:
    is-obj "^2.0.0"

eastasianwidth@^0.2.0:
  version "0.2.0"
  resolved "https://registry.yarnpkg.com/eastasianwidth/-/eastasianwidth-0.2.0.tgz#696ce2ec0aa0e6ea93a397ffcf24aa7840c827cb"
  integrity sha512-I88TYZWc9XiYHRQ4/3c5rjjfgkjhLyW2luGIheGERbNQ6OY7yTybanSpDXZa8y7VUP9YmDcYa+eyq4ca7iLqWA==

emoji-regex@^8.0.0:
  version "8.0.0"
  resolved "http://r.npm.sankuai.com/emoji-regex/download/emoji-regex-8.0.0.tgz#e818fd69ce5ccfcb404594f842963bf53164cc37"
  integrity sha1-6Bj9ac5cz8tARZT4QpY79TFkzDc=

emoji-regex@^9.2.2:
  version "9.2.2"
  resolved "https://registry.yarnpkg.com/emoji-regex/-/emoji-regex-9.2.2.tgz#840c8803b0d8047f4ff0cf963176b32d4ef3ed72"
  integrity sha512-L18DaJsXSUk2+42pv8mLs5jJT2hqFkFE4j21wOmgbUqsZ2hL72NsUU785g9RXgo3s0ZNgVl42TiHp3ZtOv/Vyg==

escape-goat@^4.0.0:
  version "4.0.0"
  resolved "https://registry.yarnpkg.com/escape-goat/-/escape-goat-4.0.0.tgz#9424820331b510b0666b98f7873fe11ac4aa8081"
  integrity sha512-2Sd4ShcWxbx6OY1IHyla/CVNwvg7XwZVoXZHcSu9w9SReNP1EzzD5T8NWKIR38fIqEns9kDWKUQTXXAmlDrdPg==

fluent-ffmpeg@^2.1.2:
  version "2.1.2"
  resolved "http://r.npm.sankuai.com/fluent-ffmpeg/download/fluent-ffmpeg-2.1.2.tgz#c952de2240f812ebda0aa8006d7776ee2acf7d74"
  integrity sha1-yVLeIkD4EuvaCqgAbXd27irPfXQ=
  dependencies:
    async ">=0.2.9"
    which "^1.1.1"

form-data-encoder@^2.1.2:
  version "2.1.2"
  resolved "https://registry.yarnpkg.com/form-data-encoder/-/form-data-encoder-2.1.2.tgz#5996b7c236e8c418d08316055a2235226c5e4061"
  integrity sha512-FCaIOVTRA9E0siY6FeXid7D5yrCqpsErplUkE2a1BEiKj1BE9z6FbKB4ntDTwC4NVLie9p+4E9nX4mWwEOT05A==

fs-extra@^10.0.0:
  version "10.0.0"
  resolved "http://r.npm.sankuai.com/fs-extra/download/fs-extra-10.0.0.tgz#9ff61b655dde53fb34a82df84bb214ce802e17c1"
  integrity sha1-n/YbZV3eU/s0qC34S7IUzoAuF8E=
  dependencies:
    graceful-fs "^4.2.0"
    jsonfile "^6.0.1"
    universalify "^2.0.0"

get-stream@^6.0.1:
  version "6.0.1"
  resolved "https://registry.yarnpkg.com/get-stream/-/get-stream-6.0.1.tgz#a262d8eef67aced57c2852ad6167526a43cbf7b7"
  integrity sha512-ts6Wi+2j3jQjqi70w5AlN8DFnkSwC+MqmxEzdEALB2qXZYV3X/b1CTfgPLGJNMeAWxdPfU8FO1ms3NUfaHCPYg==

global-dirs@^3.0.0:
  version "3.0.0"
  resolved "http://r.npm.sankuai.com/global-dirs/download/global-dirs-3.0.0.tgz#70a76fe84ea315ab37b1f5576cbde7d48ef72686"
  integrity sha1-cKdv6E6jFas3sfVXbL3n1I73JoY=
  dependencies:
    ini "2.0.0"

got@^12.1.0:
  version "12.5.1"
  resolved "https://registry.yarnpkg.com/got/-/got-12.5.1.tgz#0796191c61478273f4cdbeb19d358a75a54a008d"
  integrity sha512-sD16AK8cCyUoPtKr/NMvLTFFa+T3i3S+zoiuvhq0HP2YiqBZA9AtlBjAdsQBsLBK7slPuvmfE0OxhGi7N5dD4w==
  dependencies:
    "@sindresorhus/is" "^5.2.0"
    "@szmarczak/http-timer" "^5.0.1"
    cacheable-lookup "^7.0.0"
    cacheable-request "^10.2.1"
    decompress-response "^6.0.0"
    form-data-encoder "^2.1.2"
    get-stream "^6.0.1"
    http2-wrapper "^2.1.10"
    lowercase-keys "^3.0.0"
    p-cancelable "^3.0.0"
    responselike "^3.0.0"

graceful-fs@4.2.10, graceful-fs@^4.2.6:
  version "4.2.10"
  resolved "https://registry.yarnpkg.com/graceful-fs/-/graceful-fs-4.2.10.tgz#147d3a006da4ca3ce14728c7aefc287c367d7a6c"
  integrity sha512-9ByhssR2fPVsNZj478qUUbKfmL0+t5BDVyjShtyZZLiK7ZDAArFFfopyOTj0M05wE2tJPisA4iTnnXl2YoPvOA==

graceful-fs@^4.1.6, graceful-fs@^4.2.0:
  version "4.2.6"
  resolved "http://r.npm.sankuai.com/graceful-fs/download/graceful-fs-4.2.6.tgz#ff040b2b0853b23c3d31027523706f1885d76bee"
  integrity sha1-/wQLKwhTsjw9MQJ1I3BvGIXXa+4=

has-flag@^4.0.0:
  version "4.0.0"
  resolved "http://r.npm.sankuai.com/has-flag/download/has-flag-4.0.0.tgz#944771fd9c81c81265c4d6941860da06bb59479b"
  integrity sha1-lEdx/ZyByBJlxNaUGGDaBrtZR5s=

has-yarn@^3.0.0:
  version "3.0.0"
  resolved "https://registry.yarnpkg.com/has-yarn/-/has-yarn-3.0.0.tgz#c3c21e559730d1d3b57e28af1f30d06fac38147d"
  integrity sha512-IrsVwUHhEULx3R8f/aA8AHuEzAorplsab/v8HBzEiIukwq5i/EC+xmOW+HfP1OaDP+2JkgT1yILHN2O3UFIbcA==

http-cache-semantics@^4.1.0:
  version "4.1.0"
  resolved "https://registry.yarnpkg.com/http-cache-semantics/-/http-cache-semantics-4.1.0.tgz#49e91c5cbf36c9b94bcfcd71c23d5249ec74e390"
  integrity sha512-carPklcUh7ROWRK7Cv27RPtdhYhUsela/ue5/jKzjegVvXDqM2ILE9Q2BGn9JZJh1g87cp56su/FgQSzcWS8cQ==

http2-wrapper@^2.1.10:
  version "2.1.11"
  resolved "https://registry.yarnpkg.com/http2-wrapper/-/http2-wrapper-2.1.11.tgz#d7c980c7ffb85be3859b6a96c800b2951ae257ef"
  integrity sha512-aNAk5JzLturWEUiuhAN73Jcbq96R7rTitAoXV54FYMatvihnpD2+6PUgU4ce3D/m5VDbw+F5CsyKSF176ptitQ==
  dependencies:
    quick-lru "^5.1.1"
    resolve-alpn "^1.2.0"

ieee754@^1.1.13:
  version "1.2.1"
  resolved "http://r.npm.sankuai.com/ieee754/download/ieee754-1.2.1.tgz#8eb7a10a63fff25d15a57b001586d177d1b0d352"
  integrity sha1-jrehCmP/8l0VpXsAFYbRd9Gw01I=

import-lazy@^4.0.0:
  version "4.0.0"
  resolved "https://registry.yarnpkg.com/import-lazy/-/import-lazy-4.0.0.tgz#e8eb627483a0a43da3c03f3e35548be5cb0cc153"
  integrity sha512-rKtvo6a868b5Hu3heneU+L4yEQ4jYKLtjpnPeUdK7h0yzXGmyBTypknlkCvHFBqfX9YlorEiMM6Dnq/5atfHkw==

imurmurhash@^0.1.4:
  version "0.1.4"
  resolved "http://r.npm.sankuai.com/imurmurhash/download/imurmurhash-0.1.4.tgz#9218b9b2b928a238b13dc4fb6b6d576f231453ea"
  integrity sha1-khi5srkoojixPcT7a21XbyMUU+o=

inherits@^2.0.3, inherits@^2.0.4:
  version "2.0.4"
  resolved "http://r.npm.sankuai.com/inherits/download/inherits-2.0.4.tgz#0fa2c64f932917c3433a0ded55363aae37416b7c"
  integrity sha1-D6LGT5MpF8NDOg3tVTY6rjdBa3w=

ini@2.0.0:
  version "2.0.0"
  resolved "http://r.npm.sankuai.com/ini/download/ini-2.0.0.tgz#e5fd556ecdd5726be978fa1001862eacb0a94bc5"
  integrity sha1-5f1Vbs3VcmvpePoQAYYurLCpS8U=

ini@^1.3.4, ini@~1.3.0:
  version "1.3.8"
  resolved "http://r.npm.sankuai.com/ini/download/ini-1.3.8.tgz#a29da425b48806f34767a4efce397269af28432c"
  integrity sha1-op2kJbSIBvNHZ6Tvzjlyaa8oQyw=

is-ci@^3.0.1:
  version "3.0.1"
  resolved "https://registry.yarnpkg.com/is-ci/-/is-ci-3.0.1.tgz#db6ecbed1bd659c43dac0f45661e7674103d1867"
  integrity sha512-ZYvCgrefwqoQ6yTyYUbQu64HsITZ3NfKX1lzaEYdkTDcfKzzCI/wthRRYKkdjHKFVgNiXKAKm65Zo1pk2as/QQ==
  dependencies:
    ci-info "^3.2.0"

is-fullwidth-code-point@^1.0.0:
  version "1.0.0"
  resolved "http://r.npm.sankuai.com/is-fullwidth-code-point/download/is-fullwidth-code-point-1.0.0.tgz#ef9e31386f031a7f0d643af82fde50c457ef00cb"
  integrity sha1-754xOG8DGn8NZDr4L95QxFfvAMs=
  dependencies:
    number-is-nan "^1.0.0"

is-fullwidth-code-point@^3.0.0:
  version "3.0.0"
  resolved "http://r.npm.sankuai.com/is-fullwidth-code-point/download/is-fullwidth-code-point-3.0.0.tgz#f116f8064fe90b3f7844a38997c0b75051269f1d"
  integrity sha1-8Rb4Bk/pCz94RKOJl8C3UFEmnx0=

is-installed-globally@^0.4.0:
  version "0.4.0"
  resolved "http://r.npm.sankuai.com/is-installed-globally/download/is-installed-globally-0.4.0.tgz#9a0fd407949c30f86eb6959ef1b7994ed0b7b520"
  integrity sha1-mg/UB5ScMPhutpWe8beZTtC3tSA=
  dependencies:
    global-dirs "^3.0.0"
    is-path-inside "^3.0.2"

is-interactive@^1.0.0:
  version "1.0.0"
  resolved "http://r.npm.sankuai.com/is-interactive/download/is-interactive-1.0.0.tgz#cea6e6ae5c870a7b0a0004070b7b587e0252912e"
  integrity sha1-zqbmrlyHCnsKAAQHC3tYfgJSkS4=

is-npm@^6.0.0:
  version "6.0.0"
  resolved "https://registry.yarnpkg.com/is-npm/-/is-npm-6.0.0.tgz#b59e75e8915543ca5d881ecff864077cba095261"
  integrity sha512-JEjxbSmtPSt1c8XTkVrlujcXdKV1/tvuQ7GwKcAlyiVLeYFQ2VHat8xfrDJsIkhCdF/tZ7CiIR3sy141c6+gPQ==

is-obj@^2.0.0:
  version "2.0.0"
  resolved "http://r.npm.sankuai.com/is-obj/download/is-obj-2.0.0.tgz#473fb05d973705e3fd9620545018ca8e22ef4982"
  integrity sha1-Rz+wXZc3BeP9liBUUBjKjiLvSYI=

is-path-inside@^3.0.2:
  version "3.0.3"
  resolved "http://r.npm.sankuai.com/is-path-inside/download/is-path-inside-3.0.3.tgz#d231362e53a07ff2b0e0ea7fed049161ffd16283"
  integrity sha1-0jE2LlOgf/Kw4Op/7QSRYf/RYoM=

is-typedarray@^1.0.0:
  version "1.0.0"
  resolved "http://r.npm.sankuai.com/is-typedarray/download/is-typedarray-1.0.0.tgz#e479c80858df0c1b11ddda6940f96011fcda4a9a"
  integrity sha1-5HnICFjfDBsR3dppQPlgEfzaSpo=

is-unicode-supported@^0.1.0:
  version "0.1.0"
  resolved "http://r.npm.sankuai.com/is-unicode-supported/download/is-unicode-supported-0.1.0.tgz#3f26c76a809593b52bfa2ecb5710ed2779b522a7"
  integrity sha1-PybHaoCVk7Ur+i7LVxDtJ3m1Iqc=

is-yarn-global@^0.4.0:
  version "0.4.0"
  resolved "https://registry.yarnpkg.com/is-yarn-global/-/is-yarn-global-0.4.0.tgz#714d94453327db9ea98fbf1a0c5f2b88f59ddd5c"
  integrity sha512-HneQBCrXGBy15QnaDfcn6OLoU8AQPAa0Qn0IeJR/QCo4E8dNZaGGwxpCwWyEBQC5QvFonP8d6t60iGpAHVAfNA==

isexe@^2.0.0:
  version "2.0.0"
  resolved "http://r.npm.sankuai.com/isexe/download/isexe-2.0.0.tgz#e8fbf374dc556ff8947a10dcb0572d633f2cfa10"
  integrity sha1-6PvzdNxVb/iUehDcsFctYz8s+hA=

json-buffer@3.0.1:
  version "3.0.1"
  resolved "https://registry.yarnpkg.com/json-buffer/-/json-buffer-3.0.1.tgz#9338802a30d3b6605fbe0613e094008ca8c05a13"
  integrity sha512-4bV5BfR2mqfQTJm+V5tPPdf+ZpuhiIvTuAB5g8kcrXOZpTT/QwwVRWBywX1ozr6lEuPdbHxwaJlm9G6mI2sfSQ==

jsonfile@^6.0.1:
  version "6.1.0"
  resolved "http://r.npm.sankuai.com/jsonfile/download/jsonfile-6.1.0.tgz#bc55b2634793c679ec6403094eb13698a6ec0aae"
  integrity sha1-vFWyY0eTxnnsZAMJTrE2mKbsCq4=
  dependencies:
    universalify "^2.0.0"
  optionalDependencies:
    graceful-fs "^4.1.6"

keyv@^4.5.0:
  version "4.5.0"
  resolved "https://registry.yarnpkg.com/keyv/-/keyv-4.5.0.tgz#dbce9ade79610b6e641a9a65f2f6499ba06b9bc6"
  integrity sha512-2YvuMsA+jnFGtBareKqgANOEKe1mk3HKiXu2fRmAfyxG0MJAywNhi5ttWA3PMjl4NmpyjZNbFifR2vNjW1znfA==
  dependencies:
    json-buffer "3.0.1"

latest-version@^7.0.0:
  version "7.0.0"
  resolved "https://registry.yarnpkg.com/latest-version/-/latest-version-7.0.0.tgz#843201591ea81a4d404932eeb61240fe04e9e5da"
  integrity sha512-KvNT4XqAMzdcL6ka6Tl3i2lYeFDgXNCuIX+xNx6ZMVR1dFq+idXd9FLKNMOIx0t9mJ9/HudyX4oZWXZQ0UJHeg==
  dependencies:
    package-json "^8.1.0"

lodash@^4.17.21:
  version "4.17.21"
  resolved "https://registry.npmjs.org/lodash/-/lodash-4.17.21.tgz#679591c564c3bffaae8454cf0b3df370c3d6911c"
  integrity sha512-v2kDEe57lecTulaDIuNTPy3Ry4gLGJ6Z1O3vE1krgXZNrsQ+LFTGHVxVjcXPs17LhbZVGedAJv8XZ1tvj5FvSg==

log-symbols@^4.1.0:
  version "4.1.0"
  resolved "http://r.npm.sankuai.com/log-symbols/download/log-symbols-4.1.0.tgz#3fbdbb95b4683ac9fc785111e792e558d4abd503"
  integrity sha1-P727lbRoOsn8eFER55LlWNSr1QM=
  dependencies:
    chalk "^4.1.0"
    is-unicode-supported "^0.1.0"

lowercase-keys@^3.0.0:
  version "3.0.0"
  resolved "https://registry.yarnpkg.com/lowercase-keys/-/lowercase-keys-3.0.0.tgz#c5e7d442e37ead247ae9db117a9d0a467c89d4f2"
  integrity sha512-ozCC6gdQ+glXOQsveKD0YsDy8DSQFjDTz4zyzEHNV5+JP5D62LmfDZ6o1cycFx9ouG940M5dE8C8CTewdj2YWQ==

lru-cache@^6.0.0:
  version "6.0.0"
  resolved "http://r.npm.sankuai.com/lru-cache/download/lru-cache-6.0.0.tgz#6d6fe6570ebd96aaf90fcad1dafa3b2566db3a94"
  integrity sha1-bW/mVw69lqr5D8rR2vo7JWbbOpQ=
  dependencies:
    yallist "^4.0.0"

mime-db@1.48.0:
  version "1.48.0"
  resolved "https://registry.npmjs.org/mime-db/-/mime-db-1.48.0.tgz#e35b31045dd7eada3aaad537ed88a33afbef2d1d"
  integrity sha512-FM3QwxV+TnZYQ2aRqhlKBMHxk10lTbMt3bBkMAp54ddrNeVSfcQYOOKuGuy3Ddrm38I04If834fOUSq1yzslJQ==

mime-types@^2.1.31:
  version "2.1.31"
  resolved "https://registry.npmjs.org/mime-types/-/mime-types-2.1.31.tgz#a00d76b74317c61f9c2db2218b8e9f8e9c5c9e6b"
  integrity sha512-XGZnNzm3QvgKxa8dpzyhFTHmpP3l5YNusmne07VUOXxou9CqUqYa/HBy124RqtVh/O2pECas/MOcsDgpilPOPg==
  dependencies:
    mime-db "1.48.0"

mimic-fn@^2.1.0:
  version "2.1.0"
  resolved "http://r.npm.sankuai.com/mimic-fn/download/mimic-fn-2.1.0.tgz#7ed2c2ccccaf84d3ffcb7a69b57711fc2083401b"
  integrity sha1-ftLCzMyvhNP/y3pptXcR/CCDQBs=

mimic-response@^3.1.0:
  version "3.1.0"
  resolved "https://registry.yarnpkg.com/mimic-response/-/mimic-response-3.1.0.tgz#2d1d59af9c1b129815accc2c46a022a5ce1fa3c9"
  integrity sha512-z0yWI+4FDrrweS8Zmt4Ej5HdJmky15+L2e6Wgn3+iK5fWzb6T3fhNFq2+MeTRb064c6Wr4N/wv0DzQTjNzHNGQ==

mimic-response@^4.0.0:
  version "4.0.0"
  resolved "https://registry.yarnpkg.com/mimic-response/-/mimic-response-4.0.0.tgz#35468b19e7c75d10f5165ea25e75a5ceea7cf70f"
  integrity sha512-e5ISH9xMYU0DzrT+jl8q2ze9D6eWBto+I8CNpe+VI+K2J/F/k3PdkdTdz4wvGVH4NTpo+NRYTVIuMQEMMcsLqg==

minimist@^1.2.0:
  version "1.2.5"
  resolved "http://r.npm.sankuai.com/minimist/download/minimist-1.2.5.tgz#67d66014b66a6a8aaa0c083c5fd58df4e4e97602"
  integrity sha1-Z9ZgFLZqaoqqDAg8X9WN9OTpdgI=

normalize-url@^7.1.0:
  version "7.2.0"
  resolved "https://registry.yarnpkg.com/normalize-url/-/normalize-url-7.2.0.tgz#5317f78cff95f5fa1e76cc0b5e33245c43781e11"
  integrity sha512-uhXOdZry0L6M2UIo9BTt7FdpBDiAGN/7oItedQwPKh8jh31ZlvC8U9Xl/EJ3aijDHaywXTW3QbZ6LuCocur1YA==

number-is-nan@^1.0.0:
  version "1.0.1"
  resolved "http://r.npm.sankuai.com/number-is-nan/download/number-is-nan-1.0.1.tgz#097b602b53422a522c1afb8790318336941a011d"
  integrity sha1-CXtgK1NCKlIsGvuHkDGDNpQaAR0=

onetime@^5.1.0:
  version "5.1.2"
  resolved "http://r.npm.sankuai.com/onetime/download/onetime-5.1.2.tgz#d0e96ebb56b07476df1dd9c4806e5237985ca45e"
  integrity sha1-0Oluu1awdHbfHdnEgG5SN5hcpF4=
  dependencies:
    mimic-fn "^2.1.0"

ora@^5.4.1:
  version "5.4.1"
  resolved "http://r.npm.sankuai.com/ora/download/ora-5.4.1.tgz#1b2678426af4ac4a509008e5e4ac9e9959db9e18"
  integrity sha1-GyZ4Qmr0rEpQkAjl5KyemVnbnhg=
  dependencies:
    bl "^4.1.0"
    chalk "^4.1.0"
    cli-cursor "^3.1.0"
    cli-spinners "^2.5.0"
    is-interactive "^1.0.0"
    is-unicode-supported "^0.1.0"
    log-symbols "^4.1.0"
    strip-ansi "^6.0.0"
    wcwidth "^1.0.1"

p-cancelable@^3.0.0:
  version "3.0.0"
  resolved "https://registry.yarnpkg.com/p-cancelable/-/p-cancelable-3.0.0.tgz#63826694b54d61ca1c20ebcb6d3ecf5e14cd8050"
  integrity sha512-mlVgR3PGuzlo0MmTdk4cXqXWlwQDLnONTAg6sm62XkMJEiRxN3GL3SffkYvqwonbkJBcrI7Uvv5Zh9yjvn2iUw==

package-json@^8.1.0:
  version "8.1.0"
  resolved "https://registry.yarnpkg.com/package-json/-/package-json-8.1.0.tgz#2a22806f1ed7c786c8e6ff26cfe20003bf4c6850"
  integrity sha512-hySwcV8RAWeAfPsXb9/HGSPn8lwDnv6fabH+obUZKX169QknRkRhPxd1yMubpKDskLFATkl3jHpNtVtDPFA0Wg==
  dependencies:
    got "^12.1.0"
    registry-auth-token "^5.0.1"
    registry-url "^6.0.0"
    semver "^7.3.7"

proto-list@~1.2.1:
  version "1.2.4"
  resolved "https://registry.yarnpkg.com/proto-list/-/proto-list-1.2.4.tgz#212d5bfe1318306a420f6402b8e26ff39647a849"
  integrity sha512-vtK/94akxsTMhe0/cbfpR+syPuszcuwhqVjJq26CuNDgFGj682oRBXOP5MJpv2r7JtE8MsiepGIqvvOTBwn2vA==

pupa@^3.1.0:
  version "3.1.0"
  resolved "https://registry.yarnpkg.com/pupa/-/pupa-3.1.0.tgz#f15610274376bbcc70c9a3aa8b505ea23f41c579"
  integrity sha512-FLpr4flz5xZTSJxSeaheeMKN/EDzMdK7b8PTOC6a5PYFKTucWbdqjgqaEyH0shFiSJrVB1+Qqi4Tk19ccU6Aug==
  dependencies:
    escape-goat "^4.0.0"

qrcode-terminal@^0.12.0:
  version "0.12.0"
  resolved "https://registry.npmmirror.com/qrcode-terminal/-/qrcode-terminal-0.12.0.tgz#bb5b699ef7f9f0505092a3748be4464fe71b5819"
  integrity sha512-EXtzRZmC+YGmGlDFbXKxQiMZNwCLEO6BANKXG4iCtSIM0yqc/pappSx3RIKr4r0uh5JsBckOXeKrB3Iz7mdQpQ==

quick-lru@^5.1.1:
  version "5.1.1"
  resolved "https://registry.yarnpkg.com/quick-lru/-/quick-lru-5.1.1.tgz#366493e6b3e42a3a6885e2e99d18f80fb7a8c932"
  integrity sha512-WuyALRjWPDGtt/wzJiadO5AXY+8hZ80hVpe6MyivgraREW751X3SbhRvG3eLKOYN+8VEvqLcf3wdnt44Z4S4SA==

rc@1.2.8:
  version "1.2.8"
  resolved "https://registry.yarnpkg.com/rc/-/rc-1.2.8.tgz#cd924bf5200a075b83c188cd6b9e211b7fc0d3ed"
  integrity sha512-y3bGgqKj3QBdxLbLkomlohkvsA8gdAiUQlSBJnBhfn+BPxg4bc62d8TcBW15wavDfgexCgccckhcZvywyQYPOw==
  dependencies:
    deep-extend "^0.6.0"
    ini "~1.3.0"
    minimist "^1.2.0"
    strip-json-comments "~2.0.1"

readable-stream@^3.4.0:
  version "3.6.0"
  resolved "http://r.npm.sankuai.com/readable-stream/download/readable-stream-3.6.0.tgz#337bbda3adc0706bd3e024426a286d4b4b2c9198"
  integrity sha1-M3u9o63AcGvT4CRCaihtS0sskZg=
  dependencies:
    inherits "^2.0.3"
    string_decoder "^1.1.1"
    util-deprecate "^1.0.1"

registry-auth-token@^5.0.1:
  version "5.0.1"
  resolved "https://registry.yarnpkg.com/registry-auth-token/-/registry-auth-token-5.0.1.tgz#5e6cd106e6c251135a046650c58476fc03e92833"
  integrity sha512-UfxVOj8seK1yaIOiieV4FIP01vfBDLsY0H9sQzi9EbbUdJiuuBjJgLa1DpImXMNPnVkBD4eVxTEXcrZA6kfpJA==
  dependencies:
    "@pnpm/npm-conf" "^1.0.4"

registry-url@^6.0.0:
  version "6.0.1"
  resolved "https://registry.yarnpkg.com/registry-url/-/registry-url-6.0.1.tgz#056d9343680f2f64400032b1e199faa692286c58"
  integrity sha512-+crtS5QjFRqFCoQmvGduwYWEBng99ZvmFvF+cUJkGYF1L1BfU8C6Zp9T7f5vPAwyLkUExpvK+ANVZmGU49qi4Q==
  dependencies:
    rc "1.2.8"

resolve-alpn@^1.2.0:
  version "1.2.1"
  resolved "https://registry.yarnpkg.com/resolve-alpn/-/resolve-alpn-1.2.1.tgz#b7adbdac3546aaaec20b45e7d8265927072726f9"
  integrity sha512-0a1F4l73/ZFZOakJnQ3FvkJ2+gSTQWz/r2KE5OdDY0TxPm5h4GkqkWWfM47T7HsbnOtcJVEF4epCVy6u7Q3K+g==

responselike@^3.0.0:
  version "3.0.0"
  resolved "https://registry.yarnpkg.com/responselike/-/responselike-3.0.0.tgz#20decb6c298aff0dbee1c355ca95461d42823626"
  integrity sha512-40yHxbNcl2+rzXvZuVkrYohathsSJlMTXKryG5y8uciHv1+xDLHQpgjG64JUO9nrEq2jGLH6IZ8BcZyw3wrweg==
  dependencies:
    lowercase-keys "^3.0.0"

restore-cursor@^3.1.0:
  version "3.1.0"
  resolved "http://r.npm.sankuai.com/restore-cursor/download/restore-cursor-3.1.0.tgz#39f67c54b3a7a58cea5236d95cf0034239631f7e"
  integrity sha1-OfZ8VLOnpYzqUjbZXPADQjljH34=
  dependencies:
    onetime "^5.1.0"
    signal-exit "^3.0.2"

safe-buffer@~5.2.0:
  version "5.2.1"
  resolved "http://r.npm.sankuai.com/safe-buffer/download/safe-buffer-5.2.1.tgz#1eaf9fa9bdb1fdd4ec75f58f9cdb4e6b7827eec6"
  integrity sha1-Hq+fqb2x/dTsdfWPnNtOa3gn7sY=

semver-diff@^4.0.0:
  version "4.0.0"
  resolved "https://registry.yarnpkg.com/semver-diff/-/semver-diff-4.0.0.tgz#3afcf5ed6d62259f5c72d0d5d50dffbdc9680df5"
  integrity sha512-0Ju4+6A8iOnpL/Thra7dZsSlOHYAHIeMxfhWQRI1/VLcT3WDBZKKtQt/QkBOsiIN9ZpuvHE6cGZ0x4glCMmfiA==
  dependencies:
    semver "^7.3.5"

semver@^7.3.5, semver@^7.3.7:
  version "7.3.7"
  resolved "https://registry.yarnpkg.com/semver/-/semver-7.3.7.tgz#12c5b649afdbf9049707796e22a4028814ce523f"
  integrity sha512-QlYTucUYOews+WeEujDoEGziz4K6c47V/Bd+LjSSYcA94p+DmINdf7ncaUinThfvZyu13lN9OY1XDxt8C0Tw0g==
  dependencies:
    lru-cache "^6.0.0"

signal-exit@^3.0.2:
  version "3.0.3"
  resolved "http://r.npm.sankuai.com/signal-exit/download/signal-exit-3.0.3.tgz#a1410c2edd8f077b08b4e253c8eacfcaf057461c"
  integrity sha1-oUEMLt2PB3sItOJTyOrPyvBXRhw=

single-line-log@^1.1.2:
  version "1.1.2"
  resolved "http://r.npm.sankuai.com/single-line-log/download/single-line-log-1.1.2.tgz#c2f83f273a3e1a16edb0995661da0ed5ef033364"
  integrity sha1-wvg/Jzo+GhbtsJlWYdoO1e8DM2Q=
  dependencies:
    string-width "^1.0.1"

string-width@^1.0.1:
  version "1.0.2"
  resolved "http://r.npm.sankuai.com/string-width/download/string-width-1.0.2.tgz#118bdf5b8cdc51a2a7e70d211e07e2b0b9b107d3"
  integrity sha1-EYvfW4zcUaKn5w0hHgfisLmxB9M=
  dependencies:
    code-point-at "^1.0.0"
    is-fullwidth-code-point "^1.0.0"
    strip-ansi "^3.0.0"

string-width@^4.1.0:
  version "4.2.2"
  resolved "http://r.npm.sankuai.com/string-width/download/string-width-4.2.2.tgz#dafd4f9559a7585cfba529c6a0a4f73488ebd4c5"
  integrity sha1-2v1PlVmnWFz7pSnGoKT3NIjr1MU=
  dependencies:
    emoji-regex "^8.0.0"
    is-fullwidth-code-point "^3.0.0"
    strip-ansi "^6.0.0"

string-width@^5.0.1, string-width@^5.1.2:
  version "5.1.2"
  resolved "https://registry.yarnpkg.com/string-width/-/string-width-5.1.2.tgz#14f8daec6d81e7221d2a357e668cab73bdbca794"
  integrity sha512-HnLOCR3vjcY8beoNLtcjZ5/nxn2afmME6lhrDrebokqMap+XbeW8n9TXpPDOqdGK5qcI3oT0GKTW6wC7EMiVqA==
  dependencies:
    eastasianwidth "^0.2.0"
    emoji-regex "^9.2.2"
    strip-ansi "^7.0.1"

string_decoder@^1.1.1:
  version "1.3.0"
  resolved "http://r.npm.sankuai.com/string_decoder/download/string_decoder-1.3.0.tgz#42f114594a46cf1a8e30b0a84f56c78c3edac21e"
  integrity sha1-QvEUWUpGzxqOMLCoT1bHjD7awh4=
  dependencies:
    safe-buffer "~5.2.0"

strip-ansi@^3.0.0:
  version "3.0.1"
  resolved "http://r.npm.sankuai.com/strip-ansi/download/strip-ansi-3.0.1.tgz#6a385fb8853d952d5ff05d0e8aaf94278dc63dcf"
  integrity sha1-ajhfuIU9lS1f8F0Oiq+UJ43GPc8=
  dependencies:
    ansi-regex "^2.0.0"

strip-ansi@^6.0.0:
  version "6.0.0"
  resolved "http://r.npm.sankuai.com/strip-ansi/download/strip-ansi-6.0.0.tgz#0b1571dd7669ccd4f3e06e14ef1eed26225ae532"
  integrity sha1-CxVx3XZpzNTz4G4U7x7tJiJa5TI=
  dependencies:
    ansi-regex "^5.0.0"

strip-ansi@^7.0.1:
  version "7.0.1"
  resolved "https://registry.yarnpkg.com/strip-ansi/-/strip-ansi-7.0.1.tgz#61740a08ce36b61e50e65653f07060d000975fb2"
  integrity sha512-cXNxvT8dFNRVfhVME3JAe98mkXDYN2O1l7jmcwMnOslDeESg1rF/OZMtK0nRAhiari1unG5cD4jG3rapUAkLbw==
  dependencies:
    ansi-regex "^6.0.1"

strip-json-comments@~2.0.1:
  version "2.0.1"
  resolved "http://r.npm.sankuai.com/strip-json-comments/download/strip-json-comments-2.0.1.tgz#3c531942e908c2697c0ec344858c286c7ca0a60a"
  integrity sha1-PFMZQukIwml8DsNEhYwobHygpgo=

supports-color@^7.1.0:
  version "7.2.0"
  resolved "http://r.npm.sankuai.com/supports-color/download/supports-color-7.2.0.tgz#1b7dcdcb32b8138801b3e478ba6a51caa89648da"
  integrity sha1-G33NyzK4E4gBs+R4umpRyqiWSNo=
  dependencies:
    has-flag "^4.0.0"

type-fest@^1.0.1:
  version "1.4.0"
  resolved "https://registry.yarnpkg.com/type-fest/-/type-fest-1.4.0.tgz#e9fb813fe3bf1744ec359d55d1affefa76f14be1"
  integrity sha512-yGSza74xk0UG8k+pLh5oeoYirvIiWo5t0/o3zHHAO2tRDiZcxWP7fywNlXhqb6/r6sWvwi+RsyQMWhVLe4BVuA==

type-fest@^2.13.0:
  version "2.19.0"
  resolved "https://registry.yarnpkg.com/type-fest/-/type-fest-2.19.0.tgz#88068015bb33036a598b952e55e9311a60fd3a9b"
  integrity sha512-RAH822pAdBgcNMAfWnCBU3CFZcfZ/i1eZjwFU/dsLKumyuuP3niueg2UAukXYF0E2AAoc82ZSSf9J0WQBinzHA==

typedarray-to-buffer@^3.1.5:
  version "3.1.5"
  resolved "http://r.npm.sankuai.com/typedarray-to-buffer/download/typedarray-to-buffer-3.1.5.tgz#a97ee7a9ff42691b9f783ff1bc5112fe3fca9080"
  integrity sha1-qX7nqf9CaRufeD/xvFES/j/KkIA=
  dependencies:
    is-typedarray "^1.0.0"

unique-string@^3.0.0:
  version "3.0.0"
  resolved "https://registry.yarnpkg.com/unique-string/-/unique-string-3.0.0.tgz#84a1c377aff5fd7a8bc6b55d8244b2bd90d75b9a"
  integrity sha512-VGXBUVwxKMBUznyffQweQABPRRW1vHZAbadFZud4pLFAqRGvv/96vafgjWFqzourzr8YonlQiPgH0YCJfawoGQ==
  dependencies:
    crypto-random-string "^4.0.0"

universalify@^2.0.0:
  version "2.0.0"
  resolved "http://r.npm.sankuai.com/universalify/download/universalify-2.0.0.tgz#75a4984efedc4b08975c5aeb73f530d02df25717"
  integrity sha1-daSYTv7cSwiXXFrrc/Uw0C3yVxc=

update-notifier@^6.0.2:
  version "6.0.2"
  resolved "https://registry.yarnpkg.com/update-notifier/-/update-notifier-6.0.2.tgz#a6990253dfe6d5a02bd04fbb6a61543f55026b60"
  integrity sha512-EDxhTEVPZZRLWYcJ4ZXjGFN0oP7qYvbXWzEgRm/Yql4dHX5wDbvh89YHP6PK1lzZJYrMtXUuZZz8XGK+U6U1og==
  dependencies:
    boxen "^7.0.0"
    chalk "^5.0.1"
    configstore "^6.0.0"
    has-yarn "^3.0.0"
    import-lazy "^4.0.0"
    is-ci "^3.0.1"
    is-installed-globally "^0.4.0"
    is-npm "^6.0.0"
    is-yarn-global "^0.4.0"
    latest-version "^7.0.0"
    pupa "^3.1.0"
    semver "^7.3.7"
    semver-diff "^4.0.0"
    xdg-basedir "^5.1.0"

util-deprecate@^1.0.1:
  version "1.0.2"
  resolved "http://r.npm.sankuai.com/util-deprecate/download/util-deprecate-1.0.2.tgz#450d4dc9fa70de732762fbd2d4a28981419a0ccf"
  integrity sha1-RQ1Nyfpw3nMnYvvS1KKJgUGaDM8=

wcwidth@^1.0.1:
  version "1.0.1"
  resolved "http://r.npm.sankuai.com/wcwidth/download/wcwidth-1.0.1.tgz#f0b0dcf915bc5ff1528afadb2c0e17b532da2fe8"
  integrity sha1-8LDc+RW8X/FSivrbLA4XtTLaL+g=
  dependencies:
    defaults "^1.0.3"

which@^1.1.1:
  version "1.3.1"
  resolved "http://r.npm.sankuai.com/which/download/which-1.3.1.tgz#a45043d54f5805316da8d62f9f50918d3da70b0a"
  integrity sha1-pFBD1U9YBTFtqNYvn1CRjT2nCwo=
  dependencies:
    isexe "^2.0.0"

widest-line@^4.0.1:
  version "4.0.1"
  resolved "https://registry.yarnpkg.com/widest-line/-/widest-line-4.0.1.tgz#a0fc673aaba1ea6f0a0d35b3c2795c9a9cc2ebf2"
  integrity sha512-o0cyEG0e8GPzT4iGHphIOh0cJOV8fivsXxddQasHPHfoZf1ZexrfeA21w2NaEN1RHE+fXlfISmOE8R9N3u3Qig==
  dependencies:
    string-width "^5.0.1"

wrap-ansi@^8.0.1:
  version "8.0.1"
  resolved "https://registry.yarnpkg.com/wrap-ansi/-/wrap-ansi-8.0.1.tgz#2101e861777fec527d0ea90c57c6b03aac56a5b3"
  integrity sha512-QFF+ufAqhoYHvoHdajT/Po7KoXVBPXS2bgjIam5isfWJPfIOnQZ50JtUiVvCv/sjgacf3yRrt2ZKUZ/V4itN4g==
  dependencies:
    ansi-styles "^6.1.0"
    string-width "^5.0.1"
    strip-ansi "^7.0.1"

write-file-atomic@^3.0.3:
  version "3.0.3"
  resolved "https://registry.yarnpkg.com/write-file-atomic/-/write-file-atomic-3.0.3.tgz#56bd5c5a5c70481cd19c571bd39ab965a5de56e8"
  integrity sha512-AvHcyZ5JnSfq3ioSyjrBkH9yW4m7Ayk8/9My/DD9onKeu/94fwrMocemO2QAJFAlnnDN+ZDS+ZjAR5ua1/PV/Q==
  dependencies:
    imurmurhash "^0.1.4"
    is-typedarray "^1.0.0"
    signal-exit "^3.0.2"
    typedarray-to-buffer "^3.1.5"

xdg-basedir@^5.0.1, xdg-basedir@^5.1.0:
  version "5.1.0"
  resolved "https://registry.yarnpkg.com/xdg-basedir/-/xdg-basedir-5.1.0.tgz#1efba19425e73be1bc6f2a6ceb52a3d2c884c0c9"
  integrity sha512-GCPAHLvrIH13+c0SuacwvRYj2SxJXQ4kaVTT5xgL3kPrz56XxkF21IGhjSE1+W0aw7gpBWRGXLCPnPby6lSpmQ==

yallist@^4.0.0:
  version "4.0.0"
  resolved "http://r.npm.sankuai.com/yallist/download/yallist-4.0.0.tgz#9bb92790d9c0effec63be73519e11a35019a3a72"
  integrity sha1-m7knkNnA7/7GO+c1GeEaNQGaOnI=
